
Microsoft Visual Studio Solution File, Format Version 12.00
# Visual Studio Version 17
VisualStudioVersion = 17.0.31903.59
MinimumVisualStudioVersion = 10.0.40219.1
Project("{FAE04EC0-301F-11D3-BF4B-00C04F79EFBC}") = "service.alpha", "service.alpha\service.alpha.csproj", "{FF83210F-318D-4CB4-AF3C-6ABFE60B38BF}"
EndProject
Project("{FAE04EC0-301F-11D3-BF4B-00C04F79EFBC}") = "service.beta", "service.beta\service.beta.csproj", "{A7B2BB92-20E4-4897-8DB8-B038FC45E86A}"
EndProject
Project("{FAE04EC0-301F-11D3-BF4B-00C04F79EFBC}") = "service.gamma", "service.gamma\service.gamma.csproj", "{7B3D3EC0-775F-4CBE-A642-807F1A4E4A15}"
EndProject
Project("{FAE04EC0-301F-11D3-BF4B-00C04F79EFBC}") = "service.data", "service.data\service.data.csproj", "{BAB8163B-676F-473B-B2A4-0F0FB381D205}"
EndProject
Project("{FAE04EC0-301F-11D3-BF4B-00C04F79EFBC}") = "service.servicebus", "service.servicebus\service.servicebus.csproj", "{13FB988B-34FC-4D89-9436-6F6618EBD14C}"
EndProject
Global
	GlobalSection(SolutionConfigurationPlatforms) = preSolution
		Debug|Any CPU = Debug|Any CPU
		Release|Any CPU = Release|Any CPU
	EndGlobalSection
	GlobalSection(SolutionProperties) = preSolution
		HideSolutionNode = FALSE
	EndGlobalSection
	GlobalSection(ProjectConfigurationPlatforms) = postSolution
		{FF83210F-318D-4CB4-AF3C-6ABFE60B38BF}.Debug|Any CPU.ActiveCfg = Debug|Any CPU
		{FF83210F-318D-4CB4-AF3C-6ABFE60B38BF}.Debug|Any CPU.Build.0 = Debug|Any CPU
		{FF83210F-318D-4CB4-AF3C-6ABFE60B38BF}.Release|Any CPU.ActiveCfg = Release|Any CPU
		{FF83210F-318D-4CB4-AF3C-6ABFE60B38BF}.Release|Any CPU.Build.0 = Release|Any CPU
		{A7B2BB92-20E4-4897-8DB8-B038FC45E86A}.Debug|Any CPU.ActiveCfg = Debug|Any CPU
		{A7B2BB92-20E4-4897-8DB8-B038FC45E86A}.Debug|Any CPU.Build.0 = Debug|Any CPU
		{A7B2BB92-20E4-4897-8DB8-B038FC45E86A}.Release|Any CPU.ActiveCfg = Release|Any CPU
		{A7B2BB92-20E4-4897-8DB8-B038FC45E86A}.Release|Any CPU.Build.0 = Release|Any CPU
		{7B3D3EC0-775F-4CBE-A642-807F1A4E4A15}.Debug|Any CPU.ActiveCfg = Debug|Any CPU
		{7B3D3EC0-775F-4CBE-A642-807F1A4E4A15}.Debug|Any CPU.Build.0 = Debug|Any CPU
		{7B3D3EC0-775F-4CBE-A642-807F1A4E4A15}.Release|Any CPU.ActiveCfg = Release|Any CPU
		{7B3D3EC0-775F-4CBE-A642-807F1A4E4A15}.Release|Any CPU.Build.0 = Release|Any CPU
		{BAB8163B-676F-473B-B2A4-0F0FB381D205}.Debug|Any CPU.ActiveCfg = Debug|Any CPU
		{BAB8163B-676F-473B-B2A4-0F0FB381D205}.Debug|Any CPU.Build.0 = Debug|Any CPU
		{BAB8163B-676F-473B-B2A4-0F0FB381D205}.Release|Any CPU.ActiveCfg = Release|Any CPU
		{BAB8163B-676F-473B-B2A4-0F0FB381D205}.Release|Any CPU.Build.0 = Release|Any CPU
		{13FB988B-34FC-4D89-9436-6F6618EBD14C}.Debug|Any CPU.ActiveCfg = Debug|Any CPU
		{13FB988B-34FC-4D89-9436-6F6618EBD14C}.Debug|Any CPU.Build.0 = Debug|Any CPU
		{13FB988B-34FC-4D89-9436-6F6618EBD14C}.Release|Any CPU.ActiveCfg = Release|Any CPU
		{13FB988B-34FC-4D89-9436-6F6618EBD14C}.Release|Any CPU.Build.0 = Release|Any CPU
	EndGlobalSection
EndGlobal
